
Microsoft Visual Studio Solution File, Format Version 12.00
# Visual Studio Version 16
VisualStudioVersion = 16.0.31005.135
MinimumVisualStudioVersion = 10.0.40219.1
Project("{FAE04EC0-301F-11D3-BF4B-00C04F79EFBC}") = "Task1", "Task1\Task1.csproj", "{103473AB-3304-408E-84CF-BDF2B1E1DA3C}"
EndProject
Project("{FAE04EC0-301F-11D3-BF4B-00C04F79EFBC}") = "Task2", "Task2\Task2.csproj", "{5D46EC3F-9487-42F4-B887-2F810613EC6B}"
EndProject
Global
	GlobalSection(SolutionConfigurationPlatforms) = preSolution
		Debug|Any CPU = Debug|Any CPU
		Release|Any CPU = Release|Any CPU
	EndGlobalSection
	GlobalSection(ProjectConfigurationPlatforms) = postSolution
		{103473AB-3304-408E-84CF-BDF2B1E1DA3C}.Debug|Any CPU.ActiveCfg = Debug|Any CPU
		{103473AB-3304-408E-84CF-BDF2B1E1DA3C}.Debug|Any CPU.Build.0 = Debug|Any CPU
		{103473AB-3304-408E-84CF-BDF2B1E1DA3C}.Release|Any CPU.ActiveCfg = Release|Any CPU
		{103473AB-3304-408E-84CF-BDF2B1E1DA3C}.Release|Any CPU.Build.0 = Release|Any CPU
		{5D46EC3F-9487-42F4-B887-2F810613EC6B}.Debug|Any CPU.ActiveCfg = Debug|Any CPU
		{5D46EC3F-9487-42F4-B887-2F810613EC6B}.Debug|Any CPU.Build.0 = Debug|Any CPU
		{5D46EC3F-9487-42F4-B887-2F810613EC6B}.Release|Any CPU.ActiveCfg = Release|Any CPU
		{5D46EC3F-9487-42F4-B887-2F810613EC6B}.Release|Any CPU.Build.0 = Release|Any CPU
	EndGlobalSection
	GlobalSection(SolutionProperties) = preSolution
		HideSolutionNode = FALSE
	EndGlobalSection
	GlobalSection(ExtensibilityGlobals) = postSolution
		SolutionGuid = {B5FCD246-477E-401D-A9D3-C262FEE212E7}
	EndGlobalSection
EndGlobal
